// !$*UTF8*$!
{
	archiveVersion = 1;
	classes = {
	};
	objectVersion = 46;
	objects = {

/* Begin PBXBuildFile section */
		1C0C135C1F627A6A002F4B9B /* AppDelegate.swift in Sources */ = {isa = PBXBuildFile; fileRef = 1C0C135B1F627A6A002F4B9B /* AppDelegate.swift */; };
		1C0C135E1F627A6A002F4B9B /* FirstViewController.swift in Sources */ = {isa = PBXBuildFile; fileRef = 1C0C135D1F627A6A002F4B9B /* FirstViewController.swift */; };
		1C0C13601F627A6A002F4B9B /* SecondViewController.swift in Sources */ = {isa = PBXBuildFile; fileRef = 1C0C135F1F627A6A002F4B9B /* SecondViewController.swift */; };
		1C0C13631F627A6A002F4B9B /* Main.storyboard in Resources */ = {isa = PBXBuildFile; fileRef = 1C0C13611F627A6A002F4B9B /* Main.storyboard */; };
		1C0C13651F627A6A002F4B9B /* Assets.xcassets in Resources */ = {isa = PBXBuildFile; fileRef = 1C0C13641F627A6A002F4B9B /* Assets.xcassets */; };
		1C0C13681F627A6A002F4B9B /* LaunchScreen.storyboard in Resources */ = {isa = PBXBuildFile; fileRef = 1C0C13661F627A6A002F4B9B /* LaunchScreen.storyboard */; };
		1C0C13731F627A6A002F4B9B /* sampleTabbarTests.swift in Sources */ = {isa = PBXBuildFile; fileRef = 1C0C13721F627A6A002F4B9B /* sampleTabbarTests.swift */; };
		1C0C137E1F627A6A002F4B9B /* sampleTabbarUITests.swift in Sources */ = {isa = PBXBuildFile; fileRef = 1C0C137D1F627A6A002F4B9B /* sampleTabbarUITests.swift */; };
		1C0C138C1F6281F6002F4B9B /* ThirdViewController.swift in Sources */ = {isa = PBXBuildFile; fileRef = 1C0C138B1F6281F6002F4B9B /* ThirdViewController.swift */; };
/* End PBXBuildFile section */

/* Begin PBXContainerItemProxy section */
		1C0C136F1F627A6A002F4B9B /* PBXContainerItemProxy */ = {
			isa = PBXContainerItemProxy;
			containerPortal = 1C0C13501F627A6A002F4B9B /* Project object */;
			proxyType = 1;
			remoteGlobalIDString = 1C0C13571F627A6A002F4B9B;
			remoteInfo = sampleTabbar;
		};
		1C0C137A1F627A6A002F4B9B /* PBXContainerItemProxy */ = {
			isa = PBXContainerItemProxy;
			containerPortal = 1C0C13501F627A6A002F4B9B /* Project object */;
			proxyType = 1;
			remoteGlobalIDString = 1C0C13571F627A6A002F4B9B;
			remoteInfo = sampleTabbar;
		};
/* End PBXContainerItemProxy section */

/* Begin PBXFileReference section */
		1C0C13581F627A6A002F4B9B /* sampleTabbar.app */ = {isa = PBXFileReference; explicitFileType = wrapper.application; includeInIndex = 0; path = sampleTabbar.app; sourceTree = BUILT_PRODUCTS_DIR; };
		1C0C135B1F627A6A002F4B9B /* AppDelegate.swift */ = {isa = PBXFileReference; lastKnownFileType = sourcecode.swift; path = AppDelegate.swift; sourceTree = "<group>"; };
		1C0C135D1F627A6A002F4B9B /* FirstViewController.swift */ = {isa = PBXFileReference; lastKnownFileType = sourcecode.swift; path = FirstViewController.swift; sourceTree = "<group>"; };
		1C0C135F1F627A6A002F4B9B /* SecondViewController.swift */ = {isa = PBXFileReference; lastKnownFileType = sourcecode.swift; path = SecondViewController.swift; sourceTree = "<group>"; };
		1C0C13621F627A6A002F4B9B /* Base */ = {isa = PBXFileReference; lastKnownFileType = file.storyboard; name = Base; path = Base.lproj/Main.storyboard; sourceTree = "<group>"; };
		1C0C13641F627A6A002F4B9B /* Assets.xcassets */ = {isa = PBXFileReference; lastKnownFileType = folder.assetcatalog; path = Assets.xcassets; sourceTree = "<group>"; };
		1C0C13671F627A6A002F4B9B /* Base */ = {isa = PBXFileReference; lastKnownFileType = file.storyboard; name = Base; path = Base.lproj/LaunchScreen.storyboard; sourceTree = "<group>"; };
		1C0C13691F627A6A002F4B9B /* Info.plist */ = {isa = PBXFileReference; lastKnownFileType = text.plist.xml; path = Info.plist; sourceTree = "<group>"; };
		1C0C136E1F627A6A002F4B9B /* sampleTabbarTests.xctest */ = {isa = PBXFileReference; explicitFileType = wrapper.cfbundle; includeInIndex = 0; path = sampleTabbarTests.xctest; sourceTree = BUILT_PRODUCTS_DIR; };
		1C0C13721F627A6A002F4B9B /* sampleTabbarTests.swift */ = {isa = PBXFileReference; lastKnownFileType = sourcecode.swift; path = sampleTabbarTests.swift; sourceTree = "<group>"; };
		1C0C13741F627A6A002F4B9B /* Info.plist */ = {isa = PBXFileReference; lastKnownFileType = text.plist.xml; path = Info.plist; sourceTree = "<group>"; };
		1C0C13791F627A6A002F4B9B /* sampleTabbarUITests.xctest */ = {isa = PBXFileReference; explicitFileType = wrapper.cfbundle; includeInIndex = 0; path = sampleTabbarUITests.xctest; sourceTree = BUILT_PRODUCTS_DIR; };
		1C0C137D1F627A6A002F4B9B /* sampleTabbarUITests.swift */ = {isa = PBXFileReference; lastKnownFileType = sourcecode.swift; path = sampleTabbarUITests.swift; sourceTree = "<group>"; };
		1C0C137F1F627A6A002F4B9B /* Info.plist */ = {isa = PBXFileReference; lastKnownFileType = text.plist.xml; path = Info.plist; sourceTree = "<group>"; };
		1C0C138B1F6281F6002F4B9B /* ThirdViewController.swift */ = {isa = PBXFileReference; fileEncoding = 4; lastKnownFileType = sourcecode.swift; path = ThirdViewController.swift; sourceTree = "<group>"; };
/* End PBXFileReference section */

/* Begin PBXFrameworksBuildPhase section */
		1C0C13551F627A6A002F4B9B /* Frameworks */ = {
			isa = PBXFrameworksBuildPhase;
			buildActionMask = 2147483647;
			files = (
			);
			runOnlyForDeploymentPostprocessing = 0;
		};
		1C0C136B1F627A6A002F4B9B /* Frameworks */ = {
			isa = PBXFrameworksBuildPhase;
			buildActionMask = 2147483647;
			files = (
			);
			runOnlyForDeploymentPostprocessing = 0;
		};
		1C0C13761F627A6A002F4B9B /* Frameworks */ = {
			isa = PBXFrameworksBuildPhase;
			buildActionMask = 2147483647;
			files = (
			);
			runOnlyForDeploymentPostprocessing = 0;
		};
/* End PBXFrameworksBuildPhase section */

/* Begin PBXGroup section */
		1C0C134F1F627A6A002F4B9B = {
			isa = PBXGroup;
			children = (
				1C0C135A1F627A6A002F4B9B /* sampleTabbar */,
				1C0C13711F627A6A002F4B9B /* sampleTabbarTests */,
				1C0C137C1F627A6A002F4B9B /* sampleTabbarUITests */,
				1C0C13591F627A6A002F4B9B /* Products */,
			);
			sourceTree = "<group>";
		};
		1C0C13591F627A6A002F4B9B /* Products */ = {
			isa = PBXGroup;
			children = (
				1C0C13581F627A6A002F4B9B /* sampleTabbar.app */,
				1C0C136E1F627A6A002F4B9B /* sampleTabbarTests.xctest */,
				1C0C13791F627A6A002F4B9B /* sampleTabbarUITests.xctest */,
			);
			name = Products;
			sourceTree = "<group>";
		};
		1C0C135A1F627A6A002F4B9B /* sampleTabbar */ = {
			isa = PBXGroup;
			children = (
				1C0C135B1F627A6A002F4B9B /* AppDelegate.swift */,
				1C0C135D1F627A6A002F4B9B /* FirstViewController.swift */,
				1C0C135F1F627A6A002F4B9B /* SecondViewController.swift */,
				1C0C13611F627A6A002F4B9B /* Main.storyboard */,
				1C0C138B1F6281F6002F4B9B /* ThirdViewController.swift */,
				1C0C13641F627A6A002F4B9B /* Assets.xcassets */,
				1C0C13661F627A6A002F4B9B /* LaunchScreen.storyboard */,
				1C0C13691F627A6A002F4B9B /* Info.plist */,
			);
			path = sampleTabbar;
			sourceTree = "<group>";
		};
		1C0C13711F627A6A002F4B9B /* sampleTabbarTests */ = {
			isa = PBXGroup;
			children = (
				1C0C13721F627A6A002F4B9B /* sampleTabbarTests.swift */,
				1C0C13741F627A6A002F4B9B /* Info.plist */,
			);
			path = sampleTabbarTests;
			sourceTree = "<group>";
		};
		1C0C137C1F627A6A002F4B9B /* sampleTabbarUITests */ = {
			isa = PBXGroup;
			children = (
				1C0C137D1F627A6A002F4B9B /* sampleTabbarUITests.swift */,
				1C0C137F1F627A6A002F4B9B /* Info.plist */,
			);
			path = sampleTabbarUITests;
			sourceTree = "<group>";
		};
/* End PBXGroup section */

/* Begin PBXNativeTarget section */
		1C0C13571F627A6A002F4B9B /* sampleTabbar */ = {
			isa = PBXNativeTarget;
			buildConfigurationList = 1C0C13821F627A6A002F4B9B /* Build configuration list for PBXNativeTarget "sampleTabbar" */;
			buildPhases = (
				1C0C13541F627A6A002F4B9B /* Sources */,
				1C0C13551F627A6A002F4B9B /* Frameworks */,
				1C0C13561F627A6A002F4B9B /* Resources */,
			);
			buildRules = (
			);
			dependencies = (
			);
			name = sampleTabbar;
			productName = sampleTabbar;
			productReference = 1C0C13581F627A6A002F4B9B /* sampleTabbar.app */;
			productType = "com.apple.product-type.application";
		};
		1C0C136D1F627A6A002F4B9B /* sampleTabbarTests */ = {
			isa = PBXNativeTarget;
			buildConfigurationList = 1C0C13851F627A6A002F4B9B /* Build configuration list for PBXNativeTarget "sampleTabbarTests" */;
			buildPhases = (
				1C0C136A1F627A6A002F4B9B /* Sources */,
				1C0C136B1F627A6A002F4B9B /* Frameworks */,
				1C0C136C1F627A6A002F4B9B /* Resources */,
			);
			buildRules = (
			);
			dependencies = (
				1C0C13701F627A6A002F4B9B /* PBXTargetDependency */,
			);
			name = sampleTabbarTests;
			productName = sampleTabbarTests;
			productReference = 1C0C136E1F627A6A002F4B9B /* sampleTabbarTests.xctest */;
			productType = "com.apple.product-type.bundle.unit-test";
		};
		1C0C13781F627A6A002F4B9B /* sampleTabbarUITests */ = {
			isa = PBXNativeTarget;
			buildConfigurationList = 1C0C13881F627A6A002F4B9B /* Build configuration list for PBXNativeTarget "sampleTabbarUITests" */;
			buildPhases = (
				1C0C13751F627A6A002F4B9B /* Sources */,
				1C0C13761F627A6A002F4B9B /* Frameworks */,
				1C0C13771F627A6A002F4B9B /* Resources */,
			);
			buildRules = (
			);
			dependencies = (
				1C0C137B1F627A6A002F4B9B /* PBXTargetDependency */,
			);
			name = sampleTabbarUITests;
			productName = sampleTabbarUITests;
			productReference = 1C0C13791F627A6A002F4B9B /* sampleTabbarUITests.xctest */;
			productType = "com.apple.product-type.bundle.ui-testing";
		};
/* End PBXNativeTarget section */

/* Begin PBXProject section */
		1C0C13501F627A6A002F4B9B /* Project object */ = {
			isa = PBXProject;
			attributes = {
				LastSwiftUpdateCheck = 0830;
				LastUpgradeCheck = 0830;
				ORGANIZATIONNAME = "Takahiro Tshuchida";
				TargetAttributes = {
					1C0C13571F627A6A002F4B9B = {
						CreatedOnToolsVersion = 8.3.3;
						ProvisioningStyle = Automatic;
					};
					1C0C136D1F627A6A002F4B9B = {
						CreatedOnToolsVersion = 8.3.3;
						ProvisioningStyle = Automatic;
						TestTargetID = 1C0C13571F627A6A002F4B9B;
					};
					1C0C13781F627A6A002F4B9B = {
						CreatedOnToolsVersion = 8.3.3;
						ProvisioningStyle = Automatic;
						TestTargetID = 1C0C13571F627A6A002F4B9B;
					};
				};
			};
			buildConfigurationList = 1C0C13531F627A6A002F4B9B /* Build configuration list for PBXProject "sampleTabbar" */;
			compatibilityVersion = "Xcode 3.2";
			developmentRegion = English;
			hasScannedForEncodings = 0;
			knownRegions = (
				en,
				Base,
			);
			mainGroup = 1C0C134F1F627A6A002F4B9B;
			productRefGroup = 1C0C13591F627A6A002F4B9B /* Products */;
			projectDirPath = "";
			projectRoot = "";
			targets = (
				1C0C13571F627A6A002F4B9B /* sampleTabbar */,
				1C0C136D1F627A6A002F4B9B /* sampleTabbarTests */,
				1C0C13781F627A6A002F4B9B /* sampleTabbarUITests */,
			);
		};
/* End PBXProject section */

/* Begin PBXResourcesBuildPhase section */
		1C0C13561F627A6A002F4B9B /* Resources */ = {
			isa = PBXResourcesBuildPhase;
			buildActionMask = 2147483647;
			files = (
				1C0C13681F627A6A002F4B9B /* LaunchScreen.storyboard in Resources */,
				1C0C13651F627A6A002F4B9B /* Assets.xcassets in Resources */,
				1C0C13631F627A6A002F4B9B /* Main.storyboard in Resources */,
			);
			runOnlyForDeploymentPostprocessing = 0;
		};
		1C0C136C1F627A6A002F4B9B /* Resources */ = {
			isa = PBXResourcesBuildPhase;
			buildActionMask = 2147483647;
			files = (
			);
			runOnlyForDeploymentPostprocessing = 0;
		};
		1C0C13771F627A6A002F4B9B /* Resources */ = {
			isa = PBXResourcesBuildPhase;
			buildActionMask = 2147483647;
			files = (
			);
			runOnlyForDeploymentPostprocessing = 0;
		};
/* End PBXResourcesBuildPhase section */

/* Begin PBXSourcesBuildPhase section */
		1C0C13541F627A6A002F4B9B /* Sources */ = {
			isa = PBXSourcesBuildPhase;
			buildActionMask = 2147483647;
			files = (
				1C0C13601F627A6A002F4B9B /* SecondViewController.swift in Sources */,
				1C0C135C1F627A6A002F4B9B /* AppDelegate.swift in Sources */,
				1C0C138C1F6281F6002F4B9B /* ThirdViewController.swift in Sources */,
				1C0C135E1F627A6A002F4B9B /* FirstViewController.swift in Sources */,
			);
			runOnlyForDeploymentPostprocessing = 0;
		};
		1C0C136A1F627A6A002F4B9B /* Sources */ = {
			isa = PBXSourcesBuildPhase;
			buildActionMask = 2147483647;
			files = (
				1C0C13731F627A6A002F4B9B /* sampleTabbarTests.swift in Sources */,
			);
			runOnlyForDeploymentPostprocessing = 0;
		};
		1C0C13751F627A6A002F4B9B /* Sources */ = {
			isa = PBXSourcesBuildPhase;
			buildActionMask = 2147483647;
			files = (
				1C0C137E1F627A6A002F4B9B /* sampleTabbarUITests.swift in Sources */,
			);
			runOnlyForDeploymentPostprocessing = 0;
		};
/* End PBXSourcesBuildPhase section */

/* Begin PBXTargetDependency section */
		1C0C13701F627A6A002F4B9B /* PBXTargetDependency */ = {
			isa = PBXTargetDependency;
			target = 1C0C13571F627A6A002F4B9B /* sampleTabbar */;
			targetProxy = 1C0C136F1F627A6A002F4B9B /* PBXContainerItemProxy */;
		};
		1C0C137B1F627A6A002F4B9B /* PBXTargetDependency */ = {
			isa = PBXTargetDependency;
			target = 1C0C13571F627A6A002F4B9B /* sampleTabbar */;
			targetProxy = 1C0C137A1F627A6A002F4B9B /* PBXContainerItemProxy */;
		};
/* End PBXTargetDependency section */

/* Begin PBXVariantGroup section */
		1C0C13611F627A6A002F4B9B /* Main.storyboard */ = {
			isa = PBXVariantGroup;
			children = (
				1C0C13621F627A6A002F4B9B /* Base */,
			);
			name = Main.storyboard;
			sourceTree = "<group>";
		};
		1C0C13661F627A6A002F4B9B /* LaunchScreen.storyboard */ = {
			isa = PBXVariantGroup;
			children = (
				1C0C13671F627A6A002F4B9B /* Base */,
			);
			name = LaunchScreen.storyboard;
			sourceTree = "<group>";
		};
/* End PBXVariantGroup section */

/* Begin XCBuildConfiguration section */
		1C0C13801F627A6A002F4B9B /* Debug */ = {
			isa = XCBuildConfiguration;
			buildSettings = {
				ALWAYS_SEARCH_USER_PATHS = NO;
				CLANG_ANALYZER_NONNULL = YES;
				CLANG_ANALYZER_NUMBER_OBJECT_CONVERSION = YES_AGGRESSIVE;
				CLANG_CXX_LANGUAGE_STANDARD = "gnu++0x";
				CLANG_CXX_LIBRARY = "libc++";
				CLANG_ENABLE_MODULES = YES;
				CLANG_ENABLE_OBJC_ARC = YES;
				CLANG_WARN_BOOL_CONVERSION = YES;
				CLANG_WARN_CONSTANT_CONVERSION = YES;
				CLANG_WARN_DIRECT_OBJC_ISA_USAGE = YES_ERROR;
				CLANG_WARN_DOCUMENTATION_COMMENTS = YES;
				CLANG_WARN_EMPTY_BODY = YES;
				CLANG_WARN_ENUM_CONVERSION = YES;
				CLANG_WARN_INFINITE_RECURSION = YES;
				CLANG_WARN_INT_CONVERSION = YES;
				CLANG_WARN_OBJC_ROOT_CLASS = YES_ERROR;
				CLANG_WARN_SUSPICIOUS_MOVE = YES;
				CLANG_WARN_UNREACHABLE_CODE = YES;
				CLANG_WARN__DUPLICATE_METHOD_MATCH = YES;
				"CODE_SIGN_IDENTITY[sdk=iphoneos*]" = "iPhone Developer";
				COPY_PHASE_STRIP = NO;
				DEBUG_INFORMATION_FORMAT = dwarf;
				ENABLE_STRICT_OBJC_MSGSEND = YES;
				ENABLE_TESTABILITY = YES;
				GCC_C_LANGUAGE_STANDARD = gnu99;
				GCC_DYNAMIC_NO_PIC = NO;
				GCC_NO_COMMON_BLOCKS = YES;
				GCC_OPTIMIZATION_LEVEL = 0;
				GCC_PREPROCESSOR_DEFINITIONS = (
					"DEBUG=1",
					"$(inherited)",
				);
				GCC_WARN_64_TO_32_BIT_CONVERSION = YES;
				GCC_WARN_ABOUT_RETURN_TYPE = YES_ERROR;
				GCC_WARN_UNDECLARED_SELECTOR = YES;
				GCC_WARN_UNINITIALIZED_AUTOS = YES_AGGRESSIVE;
				GCC_WARN_UNUSED_FUNCTION = YES;
				GCC_WARN_UNUSED_VARIABLE = YES;
				IPHONEOS_DEPLOYMENT_TARGET = 10.3;
				MTL_ENABLE_DEBUG_INFO = YES;
				ONLY_ACTIVE_ARCH = YES;
				SDKROOT = iphoneos;
				SWIFT_ACTIVE_COMPILATION_CONDITIONS = DEBUG;
				SWIFT_OPTIMIZATION_LEVEL = "-Onone";
				TARGETED_DEVICE_FAMILY = "1,2";
			};
			name = Debug;
		};
		1C0C13811F627A6A002F4B9B /* Release */ = {
			isa = XCBuildConfiguration;
			buildSettings = {
				ALWAYS_SEARCH_USER_PATHS = NO;
				CLANG_ANALYZER_NONNULL = YES;
				CLANG_ANALYZER_NUMBER_OBJECT_CONVERSION = YES_AGGRESSIVE;
				CLANG_CXX_LANGUAGE_STANDARD = "gnu++0x";
				CLANG_CXX_LIBRARY = "libc++";
				CLANG_ENABLE_MODULES = YES;
				CLANG_ENABLE_OBJC_ARC = YES;
				CLANG_WARN_BOOL_CONVERSION = YES;
				CLANG_WARN_CONSTANT_CONVERSION = YES;
				CLANG_WARN_DIRECT_OBJC_ISA_USAGE = YES_ERROR;
				CLANG_WARN_DOCUMENTATION_COMMENTS = YES;
				CLANG_WARN_EMPTY_BODY = YES;
				CLANG_WARN_ENUM_CONVERSION = YES;
				CLANG_WARN_INFINITE_RECURSION = YES;
				CLANG_WARN_INT_CONVERSION = YES;
				CLANG_WARN_OBJC_ROOT_CLASS = YES_ERROR;
				CLANG_WARN_SUSPICIOUS_MOVE = YES;
				CLANG_WARN_UNREACHABLE_CODE = YES;
				CLANG_WARN__DUPLICATE_METHOD_MATCH = YES;
				"CODE_SIGN_IDENTITY[sdk=iphoneos*]" = "iPhone Developer";
				COPY_PHASE_STRIP = NO;
				DEBUG_INFORMATION_FORMAT = "dwarf-with-dsym";
				ENABLE_NS_ASSERTIONS = NO;
				ENABLE_STRICT_OBJC_MSGSEND = YES;
				GCC_C_LANGUAGE_STANDARD = gnu99;
				GCC_NO_COMMON_BLOCKS = YES;
				GCC_WARN_64_TO_32_BIT_CONVERSION = YES;
				GCC_WARN_ABOUT_RETURN_TYPE = YES_ERROR;
				GCC_WARN_UNDECLARED_SELECTOR = YES;
				GCC_WARN_UNINITIALIZED_AUTOS = YES_AGGRESSIVE;
				GCC_WARN_UNUSED_FUNCTION = YES;
				GCC_WARN_UNUSED_VARIABLE = YES;
				IPHONEOS_DEPLOYMENT_TARGET = 10.3;
				MTL_ENABLE_DEBUG_INFO = NO;
				SDKROOT = iphoneos;
				SWIFT_OPTIMIZATION_LEVEL = "-Owholemodule";
				TARGETED_DEVICE_FAMILY = "1,2";
				VALIDATE_PRODUCT = YES;
			};
			name = Release;
		};
		1C0C13831F627A6A002F4B9B /* Debug */ = {
			isa = XCBuildConfiguration;
			buildSettings = {
				ASSETCATALOG_COMPILER_APPICON_NAME = AppIcon;
				INFOPLIST_FILE = sampleTabbar/Info.plist;
				LD_RUNPATH_SEARCH_PATHS = "$(inherited) @executable_path/Frameworks";
				PRODUCT_BUNDLE_IDENTIFIER = com.takahirotsuchida.sampleTabbar;
				PRODUCT_NAME = "$(TARGET_NAME)";
				SWIFT_VERSION = 3.0;
			};
			name = Debug;
		};
		1C0C13841F627A6A002F4B9B /* Release */ = {
			isa = XCBuildConfiguration;
			buildSettings = {
				ASSETCATALOG_COMPILER_APPICON_NAME = AppIcon;
				INFOPLIST_FILE = sampleTabbar/Info.plist;
				LD_RUNPATH_SEARCH_PATHS = "$(inherited) @executable_path/Frameworks";
				PRODUCT_BUNDLE_IDENTIFIER = com.takahirotsuchida.sampleTabbar;
				PRODUCT_NAME = "$(TARGET_NAME)";
				SWIFT_VERSION = 3.0;
			};
			name = Release;
		};
		1C0C13861F627A6A002F4B9B /* Debug */ = {
			isa = XCBuildConfiguration;
			buildSettings = {
				ALWAYS_EMBED_SWIFT_STANDARD_LIBRARIES = YES;
				BUNDLE_LOADER = "$(TEST_HOST)";
				INFOPLIST_FILE = sampleTabbarTests/Info.plist;
				LD_RUNPATH_SEARCH_PATHS = "$(inherited) @executable_path/Frameworks @loader_path/Frameworks";
				PRODUCT_BUNDLE_IDENTIFIER = com.takahirotsuchida.sampleTabbarTests;
				PRODUCT_NAME = "$(TARGET_NAME)";
				SWIFT_VERSION = 3.0;
				TEST_HOST = "$(BUILT_PRODUCTS_DIR)/sampleTabbar.app/sampleTabbar";
			};
			name = Debug;
		};
		1C0C13871F627A6A002F4B9B /* Release */ = {
			isa = XCBuildConfiguration;
			buildSettings = {
				ALWAYS_EMBED_SWIFT_STANDARD_LIBRARIES = YES;
				BUNDLE_LOADER = "$(TEST_HOST)";
				INFOPLIST_FILE = sampleTabbarTests/Info.plist;
				LD_RUNPATH_SEARCH_PATHS = "$(inherited) @executable_path/Frameworks @loader_path/Frameworks";
				PRODUCT_BUNDLE_IDENTIFIER = com.takahirotsuchida.sampleTabbarTests;
				PRODUCT_NAME = "$(TARGET_NAME)";
				SWIFT_VERSION = 3.0;
				TEST_HOST = "$(BUILT_PRODUCTS_DIR)/sampleTabbar.app/sampleTabbar";
			};
			name = Release;
		};
		1C0C13891F627A6A002F4B9B /* Debug */ = {
			isa = XCBuildConfiguration;
			buildSettings = {
				ALWAYS_EMBED_SWIFT_STANDARD_LIBRARIES = YES;
				INFOPLIST_FILE = sampleTabbarUITests/Info.plist;
				LD_RUNPATH_SEARCH_PATHS = "$(inherited) @executable_path/Frameworks @loader_path/Frameworks";
				PRODUCT_BUNDLE_IDENTIFIER = com.takahirotsuchida.sampleTabbarUITests;
				PRODUCT_NAME = "$(TARGET_NAME)";
				SWIFT_VERSION = 3.0;
				TEST_TARGET_NAME = sampleTabbar;
			};
			name = Debug;
		};
		1C0C138A1F627A6A002F4B9B /* Release */ = {
			isa = XCBuildConfiguration;
			buildSettings = {
				ALWAYS_EMBED_SWIFT_STANDARD_LIBRARIES = YES;
				INFOPLIST_FILE = sampleTabbarUITests/Info.plist;
				LD_RUNPATH_SEARCH_PATHS = "$(inherited) @executable_path/Frameworks @loader_path/Frameworks";
				PRODUCT_BUNDLE_IDENTIFIER = com.takahirotsuchida.sampleTabbarUITests;
				PRODUCT_NAME = "$(TARGET_NAME)";
				SWIFT_VERSION = 3.0;
				TEST_TARGET_NAME = sampleTabbar;
			};
			name = Release;
		};
/* End XCBuildConfiguration section */

/* Begin XCConfigurationList section */
		1C0C13531F627A6A002F4B9B /* Build configuration list for PBXProject "sampleTabbar" */ = {
			isa = XCConfigurationList;
			buildConfigurations = (
				1C0C13801F627A6A002F4B9B /* Debug */,
				1C0C13811F627A6A002F4B9B /* Release */,
			);
			defaultConfigurationIsVisible = 0;
			defaultConfigurationName = Release;
		};
		1C0C13821F627A6A002F4B9B /* Build configuration list for PBXNativeTarget "sampleTabbar" */ = {
			isa = XCConfigurationList;
			buildConfigurations = (
				1C0C13831F627A6A002F4B9B /* Debug */,
				1C0C13841F627A6A002F4B9B /* Release */,
			);
			defaultConfigurationIsVisible = 0;
		};
		1C0C13851F627A6A002F4B9B /* Build configuration list for PBXNativeTarget "sampleTabbarTests" */ = {
			isa = XCConfigurationList;
			buildConfigurations = (
				1C0C13861F627A6A002F4B9B /* Debug */,
				1C0C13871F627A6A002F4B9B /* Release */,
			);
			defaultConfigurationIsVisible = 0;
		};
		1C0C13881F627A6A002F4B9B /* Build configuration list for PBXNativeTarget "sampleTabbarUITests" */ = {
			isa = XCConfigurationList;
			buildConfigurations = (
				1C0C13891F627A6A002F4B9B /* Debug */,
				1C0C138A1F627A6A002F4B9B /* Release */,
			);
			defaultConfigurationIsVisible = 0;
		};
/* End XCConfigurationList section */
	};
	rootObject = 1C0C13501F627A6A002F4B9B /* Project object */;
}
